Microsoft Visual Studio Solution File, Format Version 12.00
# Visual Studio 2012
Project("{8BC9CEB8-8B4A-11D0-8D11-00A0C91BC942}") = "lcd3x", "lcd3x.vcxproj", "{D6F98EC0-CDCC-4594-8796-09E2457A8A4C}"
EndProject
Global
	GlobalSection(SolutionConfigurationPlatforms) = preSolution
		Debug|Win32 = Debug|Win32
		Release C-Only|Win32 = Release C-Only|Win32
		Release MMX|Win32 = Release MMX|Win32
		Release VBlend|Win32 = Release VBlend|Win32
	EndGlobalSection
	GlobalSection(ProjectConfigurationPlatforms) = postSolution
		{D6F98EC0-CDCC-4594-8796-09E2457A8A4C}.Debug|Win32.ActiveCfg = Debug|Win32
		{D6F98EC0-CDCC-4594-8796-09E2457A8A4C}.Debug|Win32.Build.0 = Debug|Win32
		{D6F98EC0-CDCC-4594-8796-09E2457A8A4C}.Release C-Only|Win32.ActiveCfg = Release C-Only|Win32
		{D6F98EC0-CDCC-4594-8796-09E2457A8A4C}.Release C-Only|Win32.Build.0 = Release C-Only|Win32
		{D6F98EC0-CDCC-4594-8796-09E2457A8A4C}.Release MMX|Win32.ActiveCfg = Release MMX|Win32
		{D6F98EC0-CDCC-4594-8796-09E2457A8A4C}.Release MMX|Win32.Build.0 = Release MMX|Win32
		{D6F98EC0-CDCC-4594-8796-09E2457A8A4C}.Release VBlend|Win32.ActiveCfg = Release VBlend|Win32
		{D6F98EC0-CDCC-4594-8796-09E2457A8A4C}.Release VBlend|Win32.Build.0 = Release VBlend|Win32
	EndGlobalSection
	GlobalSection(SolutionProperties) = preSolution
		HideSolutionNode = FALSE
	EndGlobalSection
EndGlobal
